// !$*UTF8*$!
{
	archiveVersion = 1;
	classes = {
	};
	objectVersion = 77;
	objects = {

/* Begin PBXBuildFile section */
		D143093A2CCC1D4400E57250 /* FirebaseAuth in Frameworks */ = {isa = PBXBuildFile; productRef = D14309392CCC1D4400E57250 /* FirebaseAuth */; };
		D143093C2CCC1D4400E57250 /* FirebaseFirestore in Frameworks */ = {isa = PBXBuildFile; productRef = D143093B2CCC1D4400E57250 /* FirebaseFirestore */; };
		D194E96A2CF036EE00CEDD93 /* FirebaseStorage in Frameworks */ = {isa = PBXBuildFile; productRef = D194E9692CF036EE00CEDD93 /* FirebaseStorage */; };
		D19900BF2CD7EB1500D215B0 /* FirebaseCore in Frameworks */ = {isa = PBXBuildFile; productRef = D19900BE2CD7EB1500D215B0 /* FirebaseCore */; };
/* End PBXBuildFile section */

/* Begin PBXContainerItemProxy section */
		D168AA2F2CCBD86C0012A0B9 /* PBXContainerItemProxy */ = {
			isa = PBXContainerItemProxy;
			containerPortal = D168AA102CCBD86B0012A0B9 /* Project object */;
			proxyType = 1;
			remoteGlobalIDString = D168AA172CCBD86B0012A0B9;
			remoteInfo = SocialConnectProject;
		};
		D168AA392CCBD86C0012A0B9 /* PBXContainerItemProxy */ = {
			isa = PBXContainerItemProxy;
			containerPortal = D168AA102CCBD86B0012A0B9 /* Project object */;
			proxyType = 1;
			remoteGlobalIDString = D168AA172CCBD86B0012A0B9;
			remoteInfo = SocialConnectProject;
		};
/* End PBXContainerItemProxy section */

/* Begin PBXFileReference section */
		D168AA182CCBD86B0012A0B9 /* SocialConnectProject.app */ = {isa = PBXFileReference; explicitFileType = wrapper.application; includeInIndex = 0; path = SocialConnectProject.app; sourceTree = BUILT_PRODUCTS_DIR; };
		D168AA2E2CCBD86C0012A0B9 /* SocialConnectProjectTests.xctest */ = {isa = PBXFileReference; explicitFileType = wrapper.cfbundle; includeInIndex = 0; path = SocialConnectProjectTests.xctest; sourceTree = BUILT_PRODUCTS_DIR; };
		D168AA382CCBD86C0012A0B9 /* SocialConnectProjectUITests.xctest */ = {isa = PBXFileReference; explicitFileType = wrapper.cfbundle; includeInIndex = 0; path = SocialConnectProjectUITests.xctest; sourceTree = BUILT_PRODUCTS_DIR; };
/* End PBXFileReference section */

/* Begin PBXFileSystemSynchronizedBuildFileExceptionSet section */
		D168AA402CCBD86C0012A0B9 /* Exceptions for "SocialConnectProject" folder in "SocialConnectProject" target */ = {
			isa = PBXFileSystemSynchronizedBuildFileExceptionSet;
			membershipExceptions = (
				Info.plist,
			);
			target = D168AA172CCBD86B0012A0B9 /* SocialConnectProject */;
		};
/* End PBXFileSystemSynchronizedBuildFileExceptionSet section */

/* Begin PBXFileSystemSynchronizedRootGroup section */
		D168AA1A2CCBD86B0012A0B9 /* SocialConnectProject */ = {
			isa = PBXFileSystemSynchronizedRootGroup;
			exceptions = (
				D168AA402CCBD86C0012A0B9 /* Exceptions for "SocialConnectProject" folder in "SocialConnectProject" target */,
			);
			path = SocialConnectProject;
			sourceTree = "<group>";
		};
		D168AA312CCBD86C0012A0B9 /* SocialConnectProjectTests */ = {
			isa = PBXFileSystemSynchronizedRootGroup;
			path = SocialConnectProjectTests;
			sourceTree = "<group>";
		};
		D168AA3B2CCBD86C0012A0B9 /* SocialConnectProjectUITests */ = {
			isa = PBXFileSystemSynchronizedRootGroup;
			path = SocialConnectProjectUITests;
			sourceTree = "<group>";
		};
/* End PBXFileSystemSynchronizedRootGroup section */

/* Begin PBXFrameworksBuildPhase section */
		D168AA152CCBD86B0012A0B9 /* Frameworks */ = {
			isa = PBXFrameworksBuildPhase;
			buildActionMask = 2147483647;
			files = (
				D143093A2CCC1D4400E57250 /* FirebaseAuth in Frameworks */,
				D194E96A2CF036EE00CEDD93 /* FirebaseStorage in Frameworks */,
				D19900BF2CD7EB1500D215B0 /* FirebaseCore in Frameworks */,
				D143093C2CCC1D4400E57250 /* FirebaseFirestore in Frameworks */,
			);
			runOnlyForDeploymentPostprocessing = 0;
		};
		D168AA2B2CCBD86C0012A0B9 /* Frameworks */ = {
			isa = PBXFrameworksBuildPhase;
			buildActionMask = 2147483647;
			files = (
			);
			runOnlyForDeploymentPostprocessing = 0;
		};
		D168AA352CCBD86C0012A0B9 /* Frameworks */ = {
			isa = PBXFrameworksBuildPhase;
			buildActionMask = 2147483647;
			files = (
			);
			runOnlyForDeploymentPostprocessing = 0;
		};
/* End PBXFrameworksBuildPhase section */

/* Begin PBXGroup section */
		D168AA0F2CCBD86B0012A0B9 = {
			isa = PBXGroup;
			children = (
				D168AA312CCBD86C0012A0B9 /* SocialConnectProjectTests */,
				D168AA3B2CCBD86C0012A0B9 /* SocialConnectProjectUITests */,
				D168AA192CCBD86B0012A0B9 /* Products */,
				D168AA1A2CCBD86B0012A0B9 /* SocialConnectProject */,
				D19900BD2CD7EB1500D215B0 /* Frameworks */,
			);
			sourceTree = "<group>";
		};
		D168AA192CCBD86B0012A0B9 /* Products */ = {
			isa = PBXGroup;
			children = (
				D168AA182CCBD86B0012A0B9 /* SocialConnectProject.app */,
				D168AA2E2CCBD86C0012A0B9 /* SocialConnectProjectTests.xctest */,
				D168AA382CCBD86C0012A0B9 /* SocialConnectProjectUITests.xctest */,
			);
			name = Products;
			sourceTree = "<group>";
		};
		D19900BD2CD7EB1500D215B0 /* Frameworks */ = {
			isa = PBXGroup;
			children = (
			);
			name = Frameworks;
			sourceTree = "<group>";
		};
/* End PBXGroup section */

/* Begin PBXNativeTarget section */
		D168AA172CCBD86B0012A0B9 /* SocialConnectProject */ = {
			isa = PBXNativeTarget;
			buildConfigurationList = D168AA412CCBD86C0012A0B9 /* Build configuration list for PBXNativeTarget "SocialConnectProject" */;
			buildPhases = (
				D168AA142CCBD86B0012A0B9 /* Sources */,
				D168AA152CCBD86B0012A0B9 /* Frameworks */,
				D168AA162CCBD86B0012A0B9 /* Resources */,
			);
			buildRules = (
			);
			dependencies = (
			);
			fileSystemSynchronizedGroups = (
				D168AA1A2CCBD86B0012A0B9 /* SocialConnectProject */,
			);
			name = SocialConnectProject;
			packageProductDependencies = (
				D14309392CCC1D4400E57250 /* FirebaseAuth */,
				D143093B2CCC1D4400E57250 /* FirebaseFirestore */,
				D19900BE2CD7EB1500D215B0 /* FirebaseCore */,
				D194E9692CF036EE00CEDD93 /* FirebaseStorage */,
			);
			productName = SocialConnectProject;
			productReference = D168AA182CCBD86B0012A0B9 /* SocialConnectProject.app */;
			productType = "com.apple.product-type.application";
		};
		D168AA2D2CCBD86C0012A0B9 /* SocialConnectProjectTests */ = {
			isa = PBXNativeTarget;
			buildConfigurationList = D168AA462CCBD86C0012A0B9 /* Build configuration list for PBXNativeTarget "SocialConnectProjectTests" */;
			buildPhases = (
				D168AA2A2CCBD86C0012A0B9 /* Sources */,
				D168AA2B2CCBD86C0012A0B9 /* Frameworks */,
				D168AA2C2CCBD86C0012A0B9 /* Resources */,
			);
			buildRules = (
			);
			dependencies = (
				D168AA302CCBD86C0012A0B9 /* PBXTargetDependency */,
			);
			fileSystemSynchronizedGroups = (
				D168AA312CCBD86C0012A0B9 /* SocialConnectProjectTests */,
			);
			name = SocialConnectProjectTests;
			packageProductDependencies = (
			);
			productName = SocialConnectProjectTests;
			productReference = D168AA2E2CCBD86C0012A0B9 /* SocialConnectProjectTests.xctest */;
			productType = "com.apple.product-type.bundle.unit-test";
		};
		D168AA372CCBD86C0012A0B9 /* SocialConnectProjectUITests */ = {
			isa = PBXNativeTarget;
			buildConfigurationList = D168AA492CCBD86C0012A0B9 /* Build configuration list for PBXNativeTarget "SocialConnectProjectUITests" */;
			buildPhases = (
				D168AA342CCBD86C0012A0B9 /* Sources */,
				D168AA352CCBD86C0012A0B9 /* Frameworks */,
				D168AA362CCBD86C0012A0B9 /* Resources */,
			);
			buildRules = (
			);
			dependencies = (
				D168AA3A2CCBD86C0012A0B9 /* PBXTargetDependency */,
			);
			fileSystemSynchronizedGroups = (
				D168AA3B2CCBD86C0012A0B9 /* SocialConnectProjectUITests */,
			);
			name = SocialConnectProjectUITests;
			packageProductDependencies = (
			);
			productName = SocialConnectProjectUITests;
			productReference = D168AA382CCBD86C0012A0B9 /* SocialConnectProjectUITests.xctest */;
			productType = "com.apple.product-type.bundle.ui-testing";
		};
/* End PBXNativeTarget section */

/* Begin PBXProject section */
		D168AA102CCBD86B0012A0B9 /* Project object */ = {
			isa = PBXProject;
			attributes = {
				BuildIndependentTargetsInParallel = 1;
				LastSwiftUpdateCheck = 1600;
				LastUpgradeCheck = 1600;
				TargetAttributes = {
					D168AA172CCBD86B0012A0B9 = {
						CreatedOnToolsVersion = 16.0;
					};
					D168AA2D2CCBD86C0012A0B9 = {
						CreatedOnToolsVersion = 16.0;
						TestTargetID = D168AA172CCBD86B0012A0B9;
					};
					D168AA372CCBD86C0012A0B9 = {
						CreatedOnToolsVersion = 16.0;
						TestTargetID = D168AA172CCBD86B0012A0B9;
					};
				};
			};
			buildConfigurationList = D168AA132CCBD86B0012A0B9 /* Build configuration list for PBXProject "SocialConnectProject" */;
			developmentRegion = en;
			hasScannedForEncodings = 0;
			knownRegions = (
				en,
				Base,
			);
			mainGroup = D168AA0F2CCBD86B0012A0B9;
			minimizedProjectReferenceProxies = 1;
			packageReferences = (
				D14309382CCC1D4400E57250 /* XCRemoteSwiftPackageReference "firebase-ios-sdk" */,
			);
			preferredProjectObjectVersion = 77;
			productRefGroup = D168AA192CCBD86B0012A0B9 /* Products */;
			projectDirPath = "";
			projectRoot = "";
			targets = (
				D168AA172CCBD86B0012A0B9 /* SocialConnectProject */,
				D168AA2D2CCBD86C0012A0B9 /* SocialConnectProjectTests */,
				D168AA372CCBD86C0012A0B9 /* SocialConnectProjectUITests */,
			);
		};
/* End PBXProject section */

/* Begin PBXResourcesBuildPhase section */
		D168AA162CCBD86B0012A0B9 /* Resources */ = {
			isa = PBXResourcesBuildPhase;
			buildActionMask = 2147483647;
			files = (
			);
			runOnlyForDeploymentPostprocessing = 0;
		};
		D168AA2C2CCBD86C0012A0B9 /* Resources */ = {
			isa = PBXResourcesBuildPhase;
			buildActionMask = 2147483647;
			files = (
			);
			runOnlyForDeploymentPostprocessing = 0;
		};
		D168AA362CCBD86C0012A0B9 /* Resources */ = {
			isa = PBXResourcesBuildPhase;
			buildActionMask = 2147483647;
			files = (
			);
			runOnlyForDeploymentPostprocessing = 0;
		};
/* End PBXResourcesBuildPhase section */

/* Begin PBXSourcesBuildPhase section */
		D168AA142CCBD86B0012A0B9 /* Sources */ = {
			isa = PBXSourcesBuildPhase;
			buildActionMask = 2147483647;
			files = (
			);
			runOnlyForDeploymentPostprocessing = 0;
		};
		D168AA2A2CCBD86C0012A0B9 /* Sources */ = {
			isa = PBXSourcesBuildPhase;
			buildActionMask = 2147483647;
			files = (
			);
			runOnlyForDeploymentPostprocessing = 0;
		};
		D168AA342CCBD86C0012A0B9 /* Sources */ = {
			isa = PBXSourcesBuildPhase;
			buildActionMask = 2147483647;
			files = (
			);
			runOnlyForDeploymentPostprocessing = 0;
		};
/* End PBXSourcesBuildPhase section */

/* Begin PBXTargetDependency section */
		D168AA302CCBD86C0012A0B9 /* PBXTargetDependency */ = {
			isa = PBXTargetDependency;
			target = D168AA172CCBD86B0012A0B9 /* SocialConnectProject */;
			targetProxy = D168AA2F2CCBD86C0012A0B9 /* PBXContainerItemProxy */;
		};
		D168AA3A2CCBD86C0012A0B9 /* PBXTargetDependency */ = {
			isa = PBXTargetDependency;
			target = D168AA172CCBD86B0012A0B9 /* SocialConnectProject */;
			targetProxy = D168AA392CCBD86C0012A0B9 /* PBXContainerItemProxy */;
		};
/* End PBXTargetDependency section */

/* Begin XCBuildConfiguration section */
		D168AA422CCBD86C0012A0B9 /* Debug */ = {
			isa = XCBuildConfiguration;
			buildSettings = {
				ASSETCATALOG_COMPILER_APPICON_NAME = AppIcon;
				ASSETCATALOG_COMPILER_GLOBAL_ACCENT_COLOR_NAME = AccentColor;
				CODE_SIGN_STYLE = Automatic;
				CURRENT_PROJECT_VERSION = 1;
				DEVELOPMENT_TEAM = G9JD9SF257;
				GENERATE_INFOPLIST_FILE = YES;
				INFOPLIST_FILE = SocialConnectProject/Info.plist;
				INFOPLIST_KEY_NSAppleMusicUsageDescription = "Please allow access For image Selection.";
				INFOPLIST_KEY_NSPhotoLibraryUsageDescription = "Please allow access to Media and Gallery";
				INFOPLIST_KEY_UIApplicationSupportsIndirectInputEvents = YES;
				INFOPLIST_KEY_UILaunchStoryboardName = LaunchScreen;
				INFOPLIST_KEY_UIMainStoryboardFile = Main;
				INFOPLIST_KEY_UISupportedInterfaceOrientations_iPad = "UIInterfaceOrientationPortrait UIInterfaceOrientationPortrait UIInterfaceOrientationPortrait UIInterfaceOrientationPortrait UIInterfaceOrientationPortraitUpsideDown UIInterfaceOrientationLandscapeLeft UIInterfaceOrientationLandscapeRight";
				INFOPLIST_KEY_UISupportedInterfaceOrientations_iPhone = "UIInterfaceOrientationPortrait UIInterfaceOrientationLandscapeLeft UIInterfaceOrientationLandscapeRight";
				LD_RUNPATH_SEARCH_PATHS = (
					"$(inherited)",
					"@executable_path/Frameworks",
				);
				MARKETING_VERSION = 1.0;
				PRODUCT_BUNDLE_IDENTIFIER = au.edu.ait.SocialConnectProject;
				PRODUCT_NAME = "$(TARGET_NAME)";
				SWIFT_EMIT_LOC_STRINGS = YES;
				SWIFT_VERSION = 5.0;
				TARGETED_DEVICE_FAMILY = "1,2";
			};
			name = Debug;
		};
		D168AA432CCBD86C0012A0B9 /* Release */ = {
			isa = XCBuildConfiguration;
			buildSettings = {
				ASSETCATALOG_COMPILER_APPICON_NAME = AppIcon;
				ASSETCATALOG_COMPILER_GLOBAL_ACCENT_COLOR_NAME = AccentColor;
				CODE_SIGN_STYLE = Automatic;
				CURRENT_PROJECT_VERSION = 1;
				DEVELOPMENT_TEAM = G9JD9SF257;
				GENERATE_INFOPLIST_FILE = YES;
				INFOPLIST_FILE = SocialConnectProject/Info.plist;
				INFOPLIST_KEY_NSAppleMusicUsageDescription = "Please allow access For image Selection.";
				INFOPLIST_KEY_NSPhotoLibraryUsageDescription = "Please allow access to Media and Gallery";
				INFOPLIST_KEY_UIApplicationSupportsIndirectInputEvents = YES;
				INFOPLIST_KEY_UILaunchStoryboardName = LaunchScreen;
				INFOPLIST_KEY_UIMainStoryboardFile = Main;
				INFOPLIST_KEY_UISupportedInterfaceOrientations_iPad = "UIInterfaceOrientationPortrait UIInterfaceOrientationPortrait UIInterfaceOrientationPortrait UIInterfaceOrientationPortrait UIInterfaceOrientationPortraitUpsideDown UIInterfaceOrientationLandscapeLeft UIInterfaceOrientationLandscapeRight";
				INFOPLIST_KEY_UISupportedInterfaceOrientations_iPhone = "UIInterfaceOrientationPortrait UIInterfaceOrientationLandscapeLeft UIInterfaceOrientationLandscapeRight";
				LD_RUNPATH_SEARCH_PATHS = (
					"$(inherited)",
					"@executable_path/Frameworks",
				);
				MARKETING_VERSION = 1.0;
				PRODUCT_BUNDLE_IDENTIFIER = au.edu.ait.SocialConnectProject;
				PRODUCT_NAME = "$(TARGET_NAME)";
				SWIFT_EMIT_LOC_STRINGS = YES;
				SWIFT_VERSION = 5.0;
				TARGETED_DEVICE_FAMILY = "1,2";
			};
			name = Release;
		};
		D168AA442CCBD86C0012A0B9 /* Debug */ = {
			isa = XCBuildConfiguration;
			buildSettings = {
				ALWAYS_SEARCH_USER_PATHS = NO;
				ASSETCATALOG_COMPILER_GENERATE_SWIFT_ASSET_SYMBOL_EXTENSIONS = YES;
				CLANG_ANALYZER_NONNULL = YES;
				CLANG_ANALYZER_NUMBER_OBJECT_CONVERSION = YES_AGGRESSIVE;
				CLANG_CXX_LANGUAGE_STANDARD = "gnu++20";
				CLANG_ENABLE_MODULES = YES;
				CLANG_ENABLE_OBJC_ARC = YES;
				CLANG_ENABLE_OBJC_WEAK = YES;
				CLANG_WARN_BLOCK_CAPTURE_AUTORELEASING = YES;
				CLANG_WARN_BOOL_CONVERSION = YES;
				CLANG_WARN_COMMA = YES;
				CLANG_WARN_CONSTANT_CONVERSION = YES;
				CLANG_WARN_DEPRECATED_OBJC_IMPLEMENTATIONS = YES;
				CLANG_WARN_DIRECT_OBJC_ISA_USAGE = YES_ERROR;
				CLANG_WARN_DOCUMENTATION_COMMENTS = YES;
				CLANG_WARN_EMPTY_BODY = YES;
				CLANG_WARN_ENUM_CONVERSION = YES;
				CLANG_WARN_INFINITE_RECURSION = YES;
				CLANG_WARN_INT_CONVERSION = YES;
				CLANG_WARN_NON_LITERAL_NULL_CONVERSION = YES;
				CLANG_WARN_OBJC_IMPLICIT_RETAIN_SELF = YES;
				CLANG_WARN_OBJC_LITERAL_CONVERSION = YES;
				CLANG_WARN_OBJC_ROOT_CLASS = YES_ERROR;
				CLANG_WARN_QUOTED_INCLUDE_IN_FRAMEWORK_HEADER = YES;
				CLANG_WARN_RANGE_LOOP_ANALYSIS = YES;
				CLANG_WARN_STRICT_PROTOTYPES = YES;
				CLANG_WARN_SUSPICIOUS_MOVE = YES;
				CLANG_WARN_UNGUARDED_AVAILABILITY = YES_AGGRESSIVE;
				CLANG_WARN_UNREACHABLE_CODE = YES;
				CLANG_WARN__DUPLICATE_METHOD_MATCH = YES;
				COPY_PHASE_STRIP = NO;
				DEBUG_INFORMATION_FORMAT = dwarf;
				ENABLE_STRICT_OBJC_MSGSEND = YES;
				ENABLE_TESTABILITY = YES;
				ENABLE_USER_SCRIPT_SANDBOXING = YES;
				GCC_C_LANGUAGE_STANDARD = gnu17;
				GCC_DYNAMIC_NO_PIC = NO;
				GCC_NO_COMMON_BLOCKS = YES;
				GCC_OPTIMIZATION_LEVEL = 0;
				GCC_PREPROCESSOR_DEFINITIONS = (
					"DEBUG=1",
					"$(inherited)",
				);
				GCC_WARN_64_TO_32_BIT_CONVERSION = YES;
				GCC_WARN_ABOUT_RETURN_TYPE = YES_ERROR;
				GCC_WARN_UNDECLARED_SELECTOR = YES;
				GCC_WARN_UNINITIALIZED_AUTOS = YES_AGGRESSIVE;
				GCC_WARN_UNUSED_FUNCTION = YES;
				GCC_WARN_UNUSED_VARIABLE = YES;
				IPHONEOS_DEPLOYMENT_TARGET = 18.0;
				LOCALIZATION_PREFERS_STRING_CATALOGS = YES;
				MTL_ENABLE_DEBUG_INFO = INCLUDE_SOURCE;
				MTL_FAST_MATH = YES;
				ONLY_ACTIVE_ARCH = YES;
				SDKROOT = iphoneos;
				SWIFT_ACTIVE_COMPILATION_CONDITIONS = "DEBUG $(inherited)";
				SWIFT_OPTIMIZATION_LEVEL = "-Onone";
			};
			name = Debug;
		};
		D168AA452CCBD86C0012A0B9 /* Release */ = {
			isa = XCBuildConfiguration;
			buildSettings = {
				ALWAYS_SEARCH_USER_PATHS = NO;
				ASSETCATALOG_COMPILER_GENERATE_SWIFT_ASSET_SYMBOL_EXTENSIONS = YES;
				CLANG_ANALYZER_NONNULL = YES;
				CLANG_ANALYZER_NUMBER_OBJECT_CONVERSION = YES_AGGRESSIVE;
				CLANG_CXX_LANGUAGE_STANDARD = "gnu++20";
				CLANG_ENABLE_MODULES = YES;
				CLANG_ENABLE_OBJC_ARC = YES;
				CLANG_ENABLE_OBJC_WEAK = YES;
				CLANG_WARN_BLOCK_CAPTURE_AUTORELEASING = YES;
				CLANG_WARN_BOOL_CONVERSION = YES;
				CLANG_WARN_COMMA = YES;
				CLANG_WARN_CONSTANT_CONVERSION = YES;
				CLANG_WARN_DEPRECATED_OBJC_IMPLEMENTATIONS = YES;
				CLANG_WARN_DIRECT_OBJC_ISA_USAGE = YES_ERROR;
				CLANG_WARN_DOCUMENTATION_COMMENTS = YES;
				CLANG_WARN_EMPTY_BODY = YES;
				CLANG_WARN_ENUM_CONVERSION = YES;
				CLANG_WARN_INFINITE_RECURSION = YES;
				CLANG_WARN_INT_CONVERSION = YES;
				CLANG_WARN_NON_LITERAL_NULL_CONVERSION = YES;
				CLANG_WARN_OBJC_IMPLICIT_RETAIN_SELF = YES;
				CLANG_WARN_OBJC_LITERAL_CONVERSION = YES;
				CLANG_WARN_OBJC_ROOT_CLASS = YES_ERROR;
				CLANG_WARN_QUOTED_INCLUDE_IN_FRAMEWORK_HEADER = YES;
				CLANG_WARN_RANGE_LOOP_ANALYSIS = YES;
				CLANG_WARN_STRICT_PROTOTYPES = YES;
				CLANG_WARN_SUSPICIOUS_MOVE = YES;
				CLANG_WARN_UNGUARDED_AVAILABILITY = YES_AGGRESSIVE;
				CLANG_WARN_UNREACHABLE_CODE = YES;
				CLANG_WARN__DUPLICATE_METHOD_MATCH = YES;
				COPY_PHASE_STRIP = NO;
				DEBUG_INFORMATION_FORMAT = "dwarf-with-dsym";
				ENABLE_NS_ASSERTIONS = NO;
				ENABLE_STRICT_OBJC_MSGSEND = YES;
				ENABLE_USER_SCRIPT_SANDBOXING = YES;
				GCC_C_LANGUAGE_STANDARD = gnu17;
				GCC_NO_COMMON_BLOCKS = YES;
				GCC_WARN_64_TO_32_BIT_CONVERSION = YES;
				GCC_WARN_ABOUT_RETURN_TYPE = YES_ERROR;
				GCC_WARN_UNDECLARED_SELECTOR = YES;
				GCC_WARN_UNINITIALIZED_AUTOS = YES_AGGRESSIVE;
				GCC_WARN_UNUSED_FUNCTION = YES;
				GCC_WARN_UNUSED_VARIABLE = YES;
				IPHONEOS_DEPLOYMENT_TARGET = 18.0;
				LOCALIZATION_PREFERS_STRING_CATALOGS = YES;
				MTL_ENABLE_DEBUG_INFO = NO;
				MTL_FAST_MATH = YES;
				SDKROOT = iphoneos;
				SWIFT_COMPILATION_MODE = wholemodule;
				VALIDATE_PRODUCT = YES;
			};
			name = Release;
		};
		D168AA472CCBD86C0012A0B9 /* Debug */ = {
			isa = XCBuildConfiguration;
			buildSettings = {
				BUNDLE_LOADER = "$(TEST_HOST)";
				CODE_SIGN_STYLE = Automatic;
				CURRENT_PROJECT_VERSION = 1;
				GENERATE_INFOPLIST_FILE = YES;
				IPHONEOS_DEPLOYMENT_TARGET = 18.0;
				MARKETING_VERSION = 1.0;
				PRODUCT_BUNDLE_IDENTIFIER = au.edu.ait.SocialConnectProjectTests;
				PRODUCT_NAME = "$(TARGET_NAME)";
				SWIFT_EMIT_LOC_STRINGS = NO;
				SWIFT_VERSION = 5.0;
				TARGETED_DEVICE_FAMILY = "1,2";
				TEST_HOST = "$(BUILT_PRODUCTS_DIR)/SocialConnectProject.app/$(BUNDLE_EXECUTABLE_FOLDER_PATH)/SocialConnectProject";
			};
			name = Debug;
		};
		D168AA482CCBD86C0012A0B9 /* Release */ = {
			isa = XCBuildConfiguration;
			buildSettings = {
				BUNDLE_LOADER = "$(TEST_HOST)";
				CODE_SIGN_STYLE = Automatic;
				CURRENT_PROJECT_VERSION = 1;
				GENERATE_INFOPLIST_FILE = YES;
				IPHONEOS_DEPLOYMENT_TARGET = 18.0;
				MARKETING_VERSION = 1.0;
				PRODUCT_BUNDLE_IDENTIFIER = au.edu.ait.SocialConnectProjectTests;
				PRODUCT_NAME = "$(TARGET_NAME)";
				SWIFT_EMIT_LOC_STRINGS = NO;
				SWIFT_VERSION = 5.0;
				TARGETED_DEVICE_FAMILY = "1,2";
				TEST_HOST = "$(BUILT_PRODUCTS_DIR)/SocialConnectProject.app/$(BUNDLE_EXECUTABLE_FOLDER_PATH)/SocialConnectProject";
			};
			name = Release;
		};
		D168AA4A2CCBD86C0012A0B9 /* Debug */ = {
			isa = XCBuildConfiguration;
			buildSettings = {
				CODE_SIGN_STYLE = Automatic;
				CURRENT_PROJECT_VERSION = 1;
				GENERATE_INFOPLIST_FILE = YES;
				MARKETING_VERSION = 1.0;
				PRODUCT_BUNDLE_IDENTIFIER = au.edu.ait.SocialConnectProjectUITests;
				PRODUCT_NAME = "$(TARGET_NAME)";
				SWIFT_EMIT_LOC_STRINGS = NO;
				SWIFT_VERSION = 5.0;
				TARGETED_DEVICE_FAMILY = "1,2";
				TEST_TARGET_NAME = SocialConnectProject;
			};
			name = Debug;
		};
		D168AA4B2CCBD86C0012A0B9 /* Release */ = {
			isa = XCBuildConfiguration;
			buildSettings = {
				CODE_SIGN_STYLE = Automatic;
				CURRENT_PROJECT_VERSION = 1;
				GENERATE_INFOPLIST_FILE = YES;
				MARKETING_VERSION = 1.0;
				PRODUCT_BUNDLE_IDENTIFIER = au.edu.ait.SocialConnectProjectUITests;
				PRODUCT_NAME = "$(TARGET_NAME)";
				SWIFT_EMIT_LOC_STRINGS = NO;
				SWIFT_VERSION = 5.0;
				TARGETED_DEVICE_FAMILY = "1,2";
				TEST_TARGET_NAME = SocialConnectProject;
			};
			name = Release;
		};
/* End XCBuildConfiguration section */

/* Begin XCConfigurationList section */
		D168AA132CCBD86B0012A0B9 /* Build configuration list for PBXProject "SocialConnectProject" */ = {
			isa = XCConfigurationList;
			buildConfigurations = (
				D168AA442CCBD86C0012A0B9 /* Debug */,
				D168AA452CCBD86C0012A0B9 /* Release */,
			);
			defaultConfigurationIsVisible = 0;
			defaultConfigurationName = Release;
		};
		D168AA412CCBD86C0012A0B9 /* Build configuration list for PBXNativeTarget "SocialConnectProject" */ = {
			isa = XCConfigurationList;
			buildConfigurations = (
				D168AA422CCBD86C0012A0B9 /* Debug */,
				D168AA432CCBD86C0012A0B9 /* Release */,
			);
			defaultConfigurationIsVisible = 0;
			defaultConfigurationName = Release;
		};
		D168AA462CCBD86C0012A0B9 /* Build configuration list for PBXNativeTarget "SocialConnectProjectTests" */ = {
			isa = XCConfigurationList;
			buildConfigurations = (
				D168AA472CCBD86C0012A0B9 /* Debug */,
				D168AA482CCBD86C0012A0B9 /* Release */,
			);
			defaultConfigurationIsVisible = 0;
			defaultConfigurationName = Release;
		};
		D168AA492CCBD86C0012A0B9 /* Build configuration list for PBXNativeTarget "SocialConnectProjectUITests" */ = {
			isa = XCConfigurationList;
			buildConfigurations = (
				D168AA4A2CCBD86C0012A0B9 /* Debug */,
				D168AA4B2CCBD86C0012A0B9 /* Release */,
			);
			defaultConfigurationIsVisible = 0;
			defaultConfigurationName = Release;
		};
/* End XCConfigurationList section */

/* Begin XCRemoteSwiftPackageReference section */
		D14309382CCC1D4400E57250 /* XCRemoteSwiftPackageReference "firebase-ios-sdk" */ = {
			isa = XCRemoteSwiftPackageReference;
			repositoryURL = "https://github.com/firebase/firebase-ios-sdk";
			requirement = {
				kind = upToNextMajorVersion;
				minimumVersion = 11.4.0;
			};
		};
/* End XCRemoteSwiftPackageReference section */

/* Begin XCSwiftPackageProductDependency section */
		D14309392CCC1D4400E57250 /* FirebaseAuth */ = {
			isa = XCSwiftPackageProductDependency;
			package = D14309382CCC1D4400E57250 /* XCRemoteSwiftPackageReference "firebase-ios-sdk" */;
			productName = FirebaseAuth;
		};
		D143093B2CCC1D4400E57250 /* FirebaseFirestore */ = {
			isa = XCSwiftPackageProductDependency;
			package = D14309382CCC1D4400E57250 /* XCRemoteSwiftPackageReference "firebase-ios-sdk" */;
			productName = FirebaseFirestore;
		};
		D194E9692CF036EE00CEDD93 /* FirebaseStorage */ = {
			isa = XCSwiftPackageProductDependency;
			package = D14309382CCC1D4400E57250 /* XCRemoteSwiftPackageReference "firebase-ios-sdk" */;
			productName = FirebaseStorage;
		};
		D19900BE2CD7EB1500D215B0 /* FirebaseCore */ = {
			isa = XCSwiftPackageProductDependency;
			package = D14309382CCC1D4400E57250 /* XCRemoteSwiftPackageReference "firebase-ios-sdk" */;
			productName = FirebaseCore;
		};
/* End XCSwiftPackageProductDependency section */
	};
	rootObject = D168AA102CCBD86B0012A0B9 /* Project object */;
}
